
Microsoft Visual Studio Solution File, Format Version 12.00
# Visual Studio Version 16
VisualStudioVersion = 16.0.32413.511
MinimumVisualStudioVersion = 10.0.40219.1
Project("{FAE04EC0-301F-11D3-BF4B-00C04F79EFBC}") = "insert_using_attribute", "insert_using_attribute\insert_using_attribute.csproj", "{AC506A13-F783-4904-BBBD-9D85543D1927}"
EndProject
Global
	GlobalSection(SolutionConfigurationPlatforms) = preSolution
		Debug|Any CPU = Debug|Any CPU
		Release|Any CPU = Release|Any CPU
	EndGlobalSection
	GlobalSection(ProjectConfigurationPlatforms) = postSolution
		{AC506A13-F783-4904-BBBD-9D85543D1927}.Debug|Any CPU.ActiveCfg = Debug|Any CPU
		{AC506A13-F783-4904-BBBD-9D85543D1927}.Debug|Any CPU.Build.0 = Debug|Any CPU
		{AC506A13-F783-4904-BBBD-9D85543D1927}.Release|Any CPU.ActiveCfg = Release|Any CPU
		{AC506A13-F783-4904-BBBD-9D85543D1927}.Release|Any CPU.Build.0 = Release|Any CPU
	EndGlobalSection
	GlobalSection(SolutionProperties) = preSolution
		HideSolutionNode = FALSE
	EndGlobalSection
	GlobalSection(ExtensibilityGlobals) = postSolution
		SolutionGuid = {8925C50F-59C9-49AA-8ECE-F70FF232AC92}
	EndGlobalSection
EndGlobal
